
Microsoft Visual Studio Solution File, Format Version 12.00
# Visual Studio Version 17
VisualStudioVersion = 17.6.33815.320
MinimumVisualStudioVersion = 10.0.40219.1
Project("{2150E333-8FDC-42A3-9474-1A3956D46DE8}") = "Functions", "Functions", "{6AE70293-084F-4E41-8D44-A6C28497D972}"
EndProject
Project("{2150E333-8FDC-42A3-9474-1A3956D46DE8}") = "Libraries", "Libraries", "{22DC7334-2F04-45CB-B2C9-1374003C336C}"
EndProject
Project("{FAE04EC0-301F-11D3-BF4B-00C04F79EFBC}") = "SnowFlake", "Functions\SnowFlake\SnowFlake.csproj", "{4CF28D36-64E1-4F82-95D2-5F4D7153897C}"
EndProject
Project("{FAE04EC0-301F-11D3-BF4B-00C04F79EFBC}") = "SnowFlake.Models", "Libraries\SnowFlake.Models\SnowFlake.Models.csproj", "{77583559-A07F-4391-83E3-59549847BA47}"
EndProject
Project("{FAE04EC0-301F-11D3-BF4B-00C04F79EFBC}") = "SnowFlake.Services", "Libraries\SnowFlake.Services\SnowFlake.Services.csproj", "{AF182173-3011-470F-A883-61A5445C91E9}"
EndProject
Global
	GlobalSection(SolutionConfigurationPlatforms) = preSolution
		Debug|Any CPU = Debug|Any CPU
		Release|Any CPU = Release|Any CPU
	EndGlobalSection
	GlobalSection(ProjectConfigurationPlatforms) = postSolution
		{4CF28D36-64E1-4F82-95D2-5F4D7153897C}.Debug|Any CPU.ActiveCfg = Debug|Any CPU
		{4CF28D36-64E1-4F82-95D2-5F4D7153897C}.Debug|Any CPU.Build.0 = Debug|Any CPU
		{4CF28D36-64E1-4F82-95D2-5F4D7153897C}.Release|Any CPU.ActiveCfg = Release|Any CPU
		{4CF28D36-64E1-4F82-95D2-5F4D7153897C}.Release|Any CPU.Build.0 = Release|Any CPU
		{77583559-A07F-4391-83E3-59549847BA47}.Debug|Any CPU.ActiveCfg = Debug|Any CPU
		{77583559-A07F-4391-83E3-59549847BA47}.Debug|Any CPU.Build.0 = Debug|Any CPU
		{77583559-A07F-4391-83E3-59549847BA47}.Release|Any CPU.ActiveCfg = Release|Any CPU
		{77583559-A07F-4391-83E3-59549847BA47}.Release|Any CPU.Build.0 = Release|Any CPU
		{AF182173-3011-470F-A883-61A5445C91E9}.Debug|Any CPU.ActiveCfg = Debug|Any CPU
		{AF182173-3011-470F-A883-61A5445C91E9}.Debug|Any CPU.Build.0 = Debug|Any CPU
		{AF182173-3011-470F-A883-61A5445C91E9}.Release|Any CPU.ActiveCfg = Release|Any CPU
		{AF182173-3011-470F-A883-61A5445C91E9}.Release|Any CPU.Build.0 = Release|Any CPU
	EndGlobalSection
	GlobalSection(SolutionProperties) = preSolution
		HideSolutionNode = FALSE
	EndGlobalSection
	GlobalSection(NestedProjects) = preSolution
		{4CF28D36-64E1-4F82-95D2-5F4D7153897C} = {6AE70293-084F-4E41-8D44-A6C28497D972}
		{77583559-A07F-4391-83E3-59549847BA47} = {22DC7334-2F04-45CB-B2C9-1374003C336C}
		{AF182173-3011-470F-A883-61A5445C91E9} = {22DC7334-2F04-45CB-B2C9-1374003C336C}
	EndGlobalSection
	GlobalSection(ExtensibilityGlobals) = postSolution
		SolutionGuid = {680EE70C-AD5E-48DD-8AE3-7BF129CB1345}
	EndGlobalSection
EndGlobal
